
Microsoft Visual Studio Solution File, Format Version 12.00
# Visual Studio Version 17
VisualStudioVersion = 17.9.34714.143
MinimumVisualStudioVersion = 10.0.40219.1
Project("{FAE04EC0-301F-11D3-BF4B-00C04F79EFBC}") = "diakkezelo", "diakkezelo\diakkezelo.csproj", "{72E12F90-22E5-418E-B3B5-528FCE9EEBFA}"
EndProject
Global
	GlobalSection(SolutionConfigurationPlatforms) = preSolution
		Debug|Any CPU = Debug|Any CPU
		Release|Any CPU = Release|Any CPU
	EndGlobalSection
	GlobalSection(ProjectConfigurationPlatforms) = postSolution
		{72E12F90-22E5-418E-B3B5-528FCE9EEBFA}.Debug|Any CPU.ActiveCfg = Debug|Any CPU
		{72E12F90-22E5-418E-B3B5-528FCE9EEBFA}.Debug|Any CPU.Build.0 = Debug|Any CPU
		{72E12F90-22E5-418E-B3B5-528FCE9EEBFA}.Release|Any CPU.ActiveCfg = Release|Any CPU
		{72E12F90-22E5-418E-B3B5-528FCE9EEBFA}.Release|Any CPU.Build.0 = Release|Any CPU
	EndGlobalSection
	GlobalSection(SolutionProperties) = preSolution
		HideSolutionNode = FALSE
	EndGlobalSection
	GlobalSection(ExtensibilityGlobals) = postSolution
		SolutionGuid = {DB08A88A-E00B-488F-B186-DC7A1631E93F}
	EndGlobalSection
EndGlobal
